
Microsoft Visual Studio Solution File, Format Version 12.00
# Visual Studio Version 16
VisualStudioVersion = 16.0.30204.135
MinimumVisualStudioVersion = 10.0.40219.1
Project("{FAE04EC0-301F-11D3-BF4B-00C04F79EFBC}") = "Raceup Autocare", "Raceup Autocare\Raceup Autocare.csproj", "{EA41AD90-929F-47CE-93D5-C5F26248BE2C}"
EndProject
Project("{54435603-DBB4-11D2-8724-00A0C9A8B90C}") = "Raceup ( 2.26.21", "Raceup ( 2.26.21\Raceup ( 2.26.21.vdproj", "{8E56FC72-10C9-4A95-8263-39C70F23602C}"
EndProject
Global
	GlobalSection(SolutionConfigurationPlatforms) = preSolution
		Debug|Any CPU = Debug|Any CPU
		Release|Any CPU = Release|Any CPU
	EndGlobalSection
	GlobalSection(ProjectConfigurationPlatforms) = postSolution
		{EA41AD90-929F-47CE-93D5-C5F26248BE2C}.Debug|Any CPU.ActiveCfg = Release|Any CPU
		{EA41AD90-929F-47CE-93D5-C5F26248BE2C}.Debug|Any CPU.Build.0 = Release|Any CPU
		{EA41AD90-929F-47CE-93D5-C5F26248BE2C}.Release|Any CPU.ActiveCfg = Release|Any CPU
		{EA41AD90-929F-47CE-93D5-C5F26248BE2C}.Release|Any CPU.Build.0 = Release|Any CPU
		{8E56FC72-10C9-4A95-8263-39C70F23602C}.Debug|Any CPU.ActiveCfg = Debug
		{8E56FC72-10C9-4A95-8263-39C70F23602C}.Release|Any CPU.ActiveCfg = Release
	EndGlobalSection
	GlobalSection(SolutionProperties) = preSolution
		HideSolutionNode = FALSE
	EndGlobalSection
	GlobalSection(ExtensibilityGlobals) = postSolution
		SolutionGuid = {E9868FA0-B279-4FFF-80FB-AF64DC332CE2}
	EndGlobalSection
EndGlobal
